// !$*UTF8*$!
{
	archiveVersion = 1;
	classes = {
	};
	objectVersion = 46;
	objects = {

/* Begin PBXBuildFile section */
		22CFD5D819B73CD500B4EC8E /* Foundation.framework in Frameworks */ = {isa = PBXBuildFile; fileRef = 22CFD5D719B73CD500B4EC8E /* Foundation.framework */; };
		22CFD5DA19B73CD500B4EC8E /* CoreGraphics.framework in Frameworks */ = {isa = PBXBuildFile; fileRef = 22CFD5D919B73CD500B4EC8E /* CoreGraphics.framework */; };
		22CFD5DC19B73CD500B4EC8E /* UIKit.framework in Frameworks */ = {isa = PBXBuildFile; fileRef = 22CFD5DB19B73CD500B4EC8E /* UIKit.framework */; };
		22CFD5E219B73CD500B4EC8E /* InfoPlist.strings in Resources */ = {isa = PBXBuildFile; fileRef = 22CFD5E019B73CD500B4EC8E /* InfoPlist.strings */; };
		22CFD5E419B73CD500B4EC8E /* main.m in Sources */ = {isa = PBXBuildFile; fileRef = 22CFD5E319B73CD500B4EC8E /* main.m */; };
		22CFD5E819B73CD500B4EC8E /* AppDelegate.m in Sources */ = {isa = PBXBuildFile; fileRef = 22CFD5E719B73CD500B4EC8E /* AppDelegate.m */; };
		22CFD5EB19B73CD500B4EC8E /* Main.storyboard in Resources */ = {isa = PBXBuildFile; fileRef = 22CFD5E919B73CD500B4EC8E /* Main.storyboard */; };
		22CFD5EE19B73CD500B4EC8E /* ViewController.m in Sources */ = {isa = PBXBuildFile; fileRef = 22CFD5ED19B73CD500B4EC8E /* ViewController.m */; };
		22CFD5F019B73CD500B4EC8E /* Images.xcassets in Resources */ = {isa = PBXBuildFile; fileRef = 22CFD5EF19B73CD500B4EC8E /* Images.xcassets */; };
		22CFD5F719B73CD500B4EC8E /* XCTest.framework in Frameworks */ = {isa = PBXBuildFile; fileRef = 22CFD5F619B73CD500B4EC8E /* XCTest.framework */; };
		22CFD5F819B73CD500B4EC8E /* Foundation.framework in Frameworks */ = {isa = PBXBuildFile; fileRef = 22CFD5D719B73CD500B4EC8E /* Foundation.framework */; };
		22CFD5F919B73CD500B4EC8E /* UIKit.framework in Frameworks */ = {isa = PBXBuildFile; fileRef = 22CFD5DB19B73CD500B4EC8E /* UIKit.framework */; };
		22CFD60119B73CD600B4EC8E /* InfoPlist.strings in Resources */ = {isa = PBXBuildFile; fileRef = 22CFD5FF19B73CD600B4EC8E /* InfoPlist.strings */; };
		22CFD60319B73CD600B4EC8E /* TestingTwoGitHubProjectTests.m in Sources */ = {isa = PBXBuildFile; fileRef = 22CFD60219B73CD600B4EC8E /* TestingTwoGitHubProjectTests.m */; };
/* End PBXBuildFile section */

/* Begin PBXContainerItemProxy section */
		22CFD5FA19B73CD600B4EC8E /* PBXContainerItemProxy */ = {
			isa = PBXContainerItemProxy;
			containerPortal = 22CFD5CC19B73CD500B4EC8E /* Project object */;
			proxyType = 1;
			remoteGlobalIDString = 22CFD5D319B73CD500B4EC8E;
			remoteInfo = TestingTwoGitHubProject;
		};
/* End PBXContainerItemProxy section */

/* Begin PBXFileReference section */
		22CFD5D419B73CD500B4EC8E /* TestingTwoGitHubProject.app */ = {isa = PBXFileReference; explicitFileType = wrapper.application; includeInIndex = 0; path = TestingTwoGitHubProject.app; sourceTree = BUILT_PRODUCTS_DIR; };
		22CFD5D719B73CD500B4EC8E /* Foundation.framework */ = {isa = PBXFileReference; lastKnownFileType = wrapper.framework; name = Foundation.framework; path = System/Library/Frameworks/Foundation.framework; sourceTree = SDKROOT; };
		22CFD5D919B73CD500B4EC8E /* CoreGraphics.framework */ = {isa = PBXFileReference; lastKnownFileType = wrapper.framework; name = CoreGraphics.framework; path = System/Library/Frameworks/CoreGraphics.framework; sourceTree = SDKROOT; };
		22CFD5DB19B73CD500B4EC8E /* UIKit.framework */ = {isa = PBXFileReference; lastKnownFileType = wrapper.framework; name = UIKit.framework; path = System/Library/Frameworks/UIKit.framework; sourceTree = SDKROOT; };
		22CFD5DF19B73CD500B4EC8E /* TestingTwoGitHubProject-Info.plist */ = {isa = PBXFileReference; lastKnownFileType = text.plist.xml; path = "TestingTwoGitHubProject-Info.plist"; sourceTree = "<group>"; };
		22CFD5E119B73CD500B4EC8E /* en */ = {isa = PBXFileReference; lastKnownFileType = text.plist.strings; name = en; path = en.lproj/InfoPlist.strings; sourceTree = "<group>"; };
		22CFD5E319B73CD500B4EC8E /* main.m */ = {isa = PBXFileReference; lastKnownFileType = sourcecode.c.objc; path = main.m; sourceTree = "<group>"; };
		22CFD5E519B73CD500B4EC8E /* TestingTwoGitHubProject-Prefix.pch */ = {isa = PBXFileReference; lastKnownFileType = sourcecode.c.h; path = "TestingTwoGitHubProject-Prefix.pch"; sourceTree = "<group>"; };
		22CFD5E619B73CD500B4EC8E /* AppDelegate.h */ = {isa = PBXFileReference; lastKnownFileType = sourcecode.c.h; path = AppDelegate.h; sourceTree = "<group>"; };
		22CFD5E719B73CD500B4EC8E /* AppDelegate.m */ = {isa = PBXFileReference; lastKnownFileType = sourcecode.c.objc; path = AppDelegate.m; sourceTree = "<group>"; };
		22CFD5EA19B73CD500B4EC8E /* Base */ = {isa = PBXFileReference; lastKnownFileType = file.storyboard; name = Base; path = Base.lproj/Main.storyboard; sourceTree = "<group>"; };
		22CFD5EC19B73CD500B4EC8E /* ViewController.h */ = {isa = PBXFileReference; lastKnownFileType = sourcecode.c.h; path = ViewController.h; sourceTree = "<group>"; };
		22CFD5ED19B73CD500B4EC8E /* ViewController.m */ = {isa = PBXFileReference; lastKnownFileType = sourcecode.c.objc; path = ViewController.m; sourceTree = "<group>"; };
		22CFD5EF19B73CD500B4EC8E /* Images.xcassets */ = {isa = PBXFileReference; lastKnownFileType = folder.assetcatalog; path = Images.xcassets; sourceTree = "<group>"; };
		22CFD5F519B73CD500B4EC8E /* TestingTwoGitHubProjectTests.xctest */ = {isa = PBXFileReference; explicitFileType = wrapper.cfbundle; includeInIndex = 0; path = TestingTwoGitHubProjectTests.xctest; sourceTree = BUILT_PRODUCTS_DIR; };
		22CFD5F619B73CD500B4EC8E /* XCTest.framework */ = {isa = PBXFileReference; lastKnownFileType = wrapper.framework; name = XCTest.framework; path = Library/Frameworks/XCTest.framework; sourceTree = DEVELOPER_DIR; };
		22CFD5FE19B73CD600B4EC8E /* TestingTwoGitHubProjectTests-Info.plist */ = {isa = PBXFileReference; lastKnownFileType = text.plist.xml; path = "TestingTwoGitHubProjectTests-Info.plist"; sourceTree = "<group>"; };
		22CFD60019B73CD600B4EC8E /* en */ = {isa = PBXFileReference; lastKnownFileType = text.plist.strings; name = en; path = en.lproj/InfoPlist.strings; sourceTree = "<group>"; };
		22CFD60219B73CD600B4EC8E /* TestingTwoGitHubProjectTests.m */ = {isa = PBXFileReference; lastKnownFileType = sourcecode.c.objc; path = TestingTwoGitHubProjectTests.m; sourceTree = "<group>"; };
/* End PBXFileReference section */

/* Begin PBXFrameworksBuildPhase section */
		22CFD5D119B73CD500B4EC8E /* Frameworks */ = {
			isa = PBXFrameworksBuildPhase;
			buildActionMask = 2147483647;
			files = (
				22CFD5DA19B73CD500B4EC8E /* CoreGraphics.framework in Frameworks */,
				22CFD5DC19B73CD500B4EC8E /* UIKit.framework in Frameworks */,
				22CFD5D819B73CD500B4EC8E /* Foundation.framework in Frameworks */,
			);
			runOnlyForDeploymentPostprocessing = 0;
		};
		22CFD5F219B73CD500B4EC8E /* Frameworks */ = {
			isa = PBXFrameworksBuildPhase;
			buildActionMask = 2147483647;
			files = (
				22CFD5F719B73CD500B4EC8E /* XCTest.framework in Frameworks */,
				22CFD5F919B73CD500B4EC8E /* UIKit.framework in Frameworks */,
				22CFD5F819B73CD500B4EC8E /* Foundation.framework in Frameworks */,
			);
			runOnlyForDeploymentPostprocessing = 0;
		};
/* End PBXFrameworksBuildPhase section */

/* Begin PBXGroup section */
		22CFD5CB19B73CD500B4EC8E = {
			isa = PBXGroup;
			children = (
				22CFD5DD19B73CD500B4EC8E /* TestingTwoGitHubProject */,
				22CFD5FC19B73CD600B4EC8E /* TestingTwoGitHubProjectTests */,
				22CFD5D619B73CD500B4EC8E /* Frameworks */,
				22CFD5D519B73CD500B4EC8E /* Products */,
			);
			sourceTree = "<group>";
		};
		22CFD5D519B73CD500B4EC8E /* Products */ = {
			isa = PBXGroup;
			children = (
				22CFD5D419B73CD500B4EC8E /* TestingTwoGitHubProject.app */,
				22CFD5F519B73CD500B4EC8E /* TestingTwoGitHubProjectTests.xctest */,
			);
			name = Products;
			sourceTree = "<group>";
		};
		22CFD5D619B73CD500B4EC8E /* Frameworks */ = {
			isa = PBXGroup;
			children = (
				22CFD5D719B73CD500B4EC8E /* Foundation.framework */,
				22CFD5D919B73CD500B4EC8E /* CoreGraphics.framework */,
				22CFD5DB19B73CD500B4EC8E /* UIKit.framework */,
				22CFD5F619B73CD500B4EC8E /* XCTest.framework */,
			);
			name = Frameworks;
			sourceTree = "<group>";
		};
		22CFD5DD19B73CD500B4EC8E /* TestingTwoGitHubProject */ = {
			isa = PBXGroup;
			children = (
				22CFD5E619B73CD500B4EC8E /* AppDelegate.h */,
				22CFD5E719B73CD500B4EC8E /* AppDelegate.m */,
				22CFD5E919B73CD500B4EC8E /* Main.storyboard */,
				22CFD5EC19B73CD500B4EC8E /* ViewController.h */,
				22CFD5ED19B73CD500B4EC8E /* ViewController.m */,
				22CFD5EF19B73CD500B4EC8E /* Images.xcassets */,
				22CFD5DE19B73CD500B4EC8E /* Supporting Files */,
			);
			path = TestingTwoGitHubProject;
			sourceTree = "<group>";
		};
		22CFD5DE19B73CD500B4EC8E /* Supporting Files */ = {
			isa = PBXGroup;
			children = (
				22CFD5DF19B73CD500B4EC8E /* TestingTwoGitHubProject-Info.plist */,
				22CFD5E019B73CD500B4EC8E /* InfoPlist.strings */,
				22CFD5E319B73CD500B4EC8E /* main.m */,
				22CFD5E519B73CD500B4EC8E /* TestingTwoGitHubProject-Prefix.pch */,
			);
			name = "Supporting Files";
			sourceTree = "<group>";
		};
		22CFD5FC19B73CD600B4EC8E /* TestingTwoGitHubProjectTests */ = {
			isa = PBXGroup;
			children = (
				22CFD60219B73CD600B4EC8E /* TestingTwoGitHubProjectTests.m */,
				22CFD5FD19B73CD600B4EC8E /* Supporting Files */,
			);
			path = TestingTwoGitHubProjectTests;
			sourceTree = "<group>";
		};
		22CFD5FD19B73CD600B4EC8E /* Supporting Files */ = {
			isa = PBXGroup;
			children = (
				22CFD5FE19B73CD600B4EC8E /* TestingTwoGitHubProjectTests-Info.plist */,
				22CFD5FF19B73CD600B4EC8E /* InfoPlist.strings */,
			);
			name = "Supporting Files";
			sourceTree = "<group>";
		};
/* End PBXGroup section */

/* Begin PBXNativeTarget section */
		22CFD5D319B73CD500B4EC8E /* TestingTwoGitHubProject */ = {
			isa = PBXNativeTarget;
			buildConfigurationList = 22CFD60619B73CD600B4EC8E /* Build configuration list for PBXNativeTarget "TestingTwoGitHubProject" */;
			buildPhases = (
				22CFD5D019B73CD500B4EC8E /* Sources */,
				22CFD5D119B73CD500B4EC8E /* Frameworks */,
				22CFD5D219B73CD500B4EC8E /* Resources */,
			);
			buildRules = (
			);
			dependencies = (
			);
			name = TestingTwoGitHubProject;
			productName = TestingTwoGitHubProject;
			productReference = 22CFD5D419B73CD500B4EC8E /* TestingTwoGitHubProject.app */;
			productType = "com.apple.product-type.application";
		};
		22CFD5F419B73CD500B4EC8E /* TestingTwoGitHubProjectTests */ = {
			isa = PBXNativeTarget;
			buildConfigurationList = 22CFD60919B73CD600B4EC8E /* Build configuration list for PBXNativeTarget "TestingTwoGitHubProjectTests" */;
			buildPhases = (
				22CFD5F119B73CD500B4EC8E /* Sources */,
				22CFD5F219B73CD500B4EC8E /* Frameworks */,
				22CFD5F319B73CD500B4EC8E /* Resources */,
			);
			buildRules = (
			);
			dependencies = (
				22CFD5FB19B73CD600B4EC8E /* PBXTargetDependency */,
			);
			name = TestingTwoGitHubProjectTests;
			productName = TestingTwoGitHubProjectTests;
			productReference = 22CFD5F519B73CD500B4EC8E /* TestingTwoGitHubProjectTests.xctest */;
			productType = "com.apple.product-type.bundle.unit-test";
		};
/* End PBXNativeTarget section */

/* Begin PBXProject section */
		22CFD5CC19B73CD500B4EC8E /* Project object */ = {
			isa = PBXProject;
			attributes = {
				LastUpgradeCheck = 0510;
				ORGANIZATIONNAME = "charles Nebo";
				TargetAttributes = {
					22CFD5F419B73CD500B4EC8E = {
						TestTargetID = 22CFD5D319B73CD500B4EC8E;
					};
				};
			};
			buildConfigurationList = 22CFD5CF19B73CD500B4EC8E /* Build configuration list for PBXProject "TestingTwoGitHubProject" */;
			compatibilityVersion = "Xcode 3.2";
			developmentRegion = English;
			hasScannedForEncodings = 0;
			knownRegions = (
				en,
				Base,
			);
			mainGroup = 22CFD5CB19B73CD500B4EC8E;
			productRefGroup = 22CFD5D519B73CD500B4EC8E /* Products */;
			projectDirPath = "";
			projectRoot = "";
			targets = (
				22CFD5D319B73CD500B4EC8E /* TestingTwoGitHubProject */,
				22CFD5F419B73CD500B4EC8E /* TestingTwoGitHubProjectTests */,
			);
		};
/* End PBXProject section */

/* Begin PBXResourcesBuildPhase section */
		22CFD5D219B73CD500B4EC8E /* Resources */ = {
			isa = PBXResourcesBuildPhase;
			buildActionMask = 2147483647;
			files = (
				22CFD5F019B73CD500B4EC8E /* Images.xcassets in Resources */,
				22CFD5E219B73CD500B4EC8E /* InfoPlist.strings in Resources */,
				22CFD5EB19B73CD500B4EC8E /* Main.storyboard in Resources */,
			);
			runOnlyForDeploymentPostprocessing = 0;
		};
		22CFD5F319B73CD500B4EC8E /* Resources */ = {
			isa = PBXResourcesBuildPhase;
			buildActionMask = 2147483647;
			files = (
				22CFD60119B73CD600B4EC8E /* InfoPlist.strings in Resources */,
			);
			runOnlyForDeploymentPostprocessing = 0;
		};
/* End PBXResourcesBuildPhase section */

/* Begin PBXSourcesBuildPhase section */
		22CFD5D019B73CD500B4EC8E /* Sources */ = {
			isa = PBXSourcesBuildPhase;
			buildActionMask = 2147483647;
			files = (
				22CFD5EE19B73CD500B4EC8E /* ViewController.m in Sources */,
				22CFD5E819B73CD500B4EC8E /* AppDelegate.m in Sources */,
				22CFD5E419B73CD500B4EC8E /* main.m in Sources */,
			);
			runOnlyForDeploymentPostprocessing = 0;
		};
		22CFD5F119B73CD500B4EC8E /* Sources */ = {
			isa = PBXSourcesBuildPhase;
			buildActionMask = 2147483647;
			files = (
				22CFD60319B73CD600B4EC8E /* TestingTwoGitHubProjectTests.m in Sources */,
			);
			runOnlyForDeploymentPostprocessing = 0;
		};
/* End PBXSourcesBuildPhase section */

/* Begin PBXTargetDependency section */
		22CFD5FB19B73CD600B4EC8E /* PBXTargetDependency */ = {
			isa = PBXTargetDependency;
			target = 22CFD5D319B73CD500B4EC8E /* TestingTwoGitHubProject */;
			targetProxy = 22CFD5FA19B73CD600B4EC8E /* PBXContainerItemProxy */;
		};
/* End PBXTargetDependency section */

/* Begin PBXVariantGroup section */
		22CFD5E019B73CD500B4EC8E /* InfoPlist.strings */ = {
			isa = PBXVariantGroup;
			children = (
				22CFD5E119B73CD500B4EC8E /* en */,
			);
			name = InfoPlist.strings;
			sourceTree = "<group>";
		};
		22CFD5E919B73CD500B4EC8E /* Main.storyboard */ = {
			isa = PBXVariantGroup;
			children = (
				22CFD5EA19B73CD500B4EC8E /* Base */,
			);
			name = Main.storyboard;
			sourceTree = "<group>";
		};
		22CFD5FF19B73CD600B4EC8E /* InfoPlist.strings */ = {
			isa = PBXVariantGroup;
			children = (
				22CFD60019B73CD600B4EC8E /* en */,
			);
			name = InfoPlist.strings;
			sourceTree = "<group>";
		};
/* End PBXVariantGroup section */

/* Begin XCBuildConfiguration section */
		22CFD60419B73CD600B4EC8E /* Debug */ = {
			isa = XCBuildConfiguration;
			buildSettings = {
				ALWAYS_SEARCH_USER_PATHS = NO;
				CLANG_CXX_LANGUAGE_STANDARD = "gnu++0x";
				CLANG_CXX_LIBRARY = "libc++";
				CLANG_ENABLE_MODULES = YES;
				CLANG_ENABLE_OBJC_ARC = YES;
				CLANG_WARN_BOOL_CONVERSION = YES;
				CLANG_WARN_CONSTANT_CONVERSION = YES;
				CLANG_WARN_DIRECT_OBJC_ISA_USAGE = YES_ERROR;
				CLANG_WARN_EMPTY_BODY = YES;
				CLANG_WARN_ENUM_CONVERSION = YES;
				CLANG_WARN_INT_CONVERSION = YES;
				CLANG_WARN_OBJC_ROOT_CLASS = YES_ERROR;
				CLANG_WARN__DUPLICATE_METHOD_MATCH = YES;
				"CODE_SIGN_IDENTITY[sdk=iphoneos*]" = "iPhone Developer";
				COPY_PHASE_STRIP = NO;
				GCC_C_LANGUAGE_STANDARD = gnu99;
				GCC_DYNAMIC_NO_PIC = NO;
				GCC_OPTIMIZATION_LEVEL = 0;
				GCC_PREPROCESSOR_DEFINITIONS = (
					"DEBUG=1",
					"$(inherited)",
				);
				GCC_SYMBOLS_PRIVATE_EXTERN = NO;
				GCC_WARN_64_TO_32_BIT_CONVERSION = YES;
				GCC_WARN_ABOUT_RETURN_TYPE = YES_ERROR;
				GCC_WARN_UNDECLARED_SELECTOR = YES;
				GCC_WARN_UNINITIALIZED_AUTOS = YES_AGGRESSIVE;
				GCC_WARN_UNUSED_FUNCTION = YES;
				GCC_WARN_UNUSED_VARIABLE = YES;
				IPHONEOS_DEPLOYMENT_TARGET = 7.1;
				ONLY_ACTIVE_ARCH = YES;
				SDKROOT = iphoneos;
			};
			name = Debug;
		};
		22CFD60519B73CD600B4EC8E /* Release */ = {
			isa = XCBuildConfiguration;
			buildSettings = {
				ALWAYS_SEARCH_USER_PATHS = NO;
				CLANG_CXX_LANGUAGE_STANDARD = "gnu++0x";
				CLANG_CXX_LIBRARY = "libc++";
				CLANG_ENABLE_MODULES = YES;
				CLANG_ENABLE_OBJC_ARC = YES;
				CLANG_WARN_BOOL_CONVERSION = YES;
				CLANG_WARN_CONSTANT_CONVERSION = YES;
				CLANG_WARN_DIRECT_OBJC_ISA_USAGE = YES_ERROR;
				CLANG_WARN_EMPTY_BODY = YES;
				CLANG_WARN_ENUM_CONVERSION = YES;
				CLANG_WARN_INT_CONVERSION = YES;
				CLANG_WARN_OBJC_ROOT_CLASS = YES_ERROR;
				CLANG_WARN__DUPLICATE_METHOD_MATCH = YES;
				"CODE_SIGN_IDENTITY[sdk=iphoneos*]" = "iPhone Developer";
				COPY_PHASE_STRIP = YES;
				ENABLE_NS_ASSERTIONS = NO;
				GCC_C_LANGUAGE_STANDARD = gnu99;
				GCC_WARN_64_TO_32_BIT_CONVERSION = YES;
				GCC_WARN_ABOUT_RETURN_TYPE = YES_ERROR;
				GCC_WARN_UNDECLARED_SELECTOR = YES;
				GCC_WARN_UNINITIALIZED_AUTOS = YES_AGGRESSIVE;
				GCC_WARN_UNUSED_FUNCTION = YES;
				GCC_WARN_UNUSED_VARIABLE = YES;
				IPHONEOS_DEPLOYMENT_TARGET = 7.1;
				SDKROOT = iphoneos;
				VALIDATE_PRODUCT = YES;
			};
			name = Release;
		};
		22CFD60719B73CD600B4EC8E /* Debug */ = {
			isa = XCBuildConfiguration;
			buildSettings = {
				ASSETCATALOG_COMPILER_APPICON_NAME = AppIcon;
				ASSETCATALOG_COMPILER_LAUNCHIMAGE_NAME = LaunchImage;
				GCC_PRECOMPILE_PREFIX_HEADER = YES;
				GCC_PREFIX_HEADER = "TestingTwoGitHubProject/TestingTwoGitHubProject-Prefix.pch";
				INFOPLIST_FILE = "TestingTwoGitHubProject/TestingTwoGitHubProject-Info.plist";
				PRODUCT_NAME = "$(TARGET_NAME)";
				WRAPPER_EXTENSION = app;
			};
			name = Debug;
		};
		22CFD60819B73CD600B4EC8E /* Release */ = {
			isa = XCBuildConfiguration;
			buildSettings = {
				ASSETCATALOG_COMPILER_APPICON_NAME = AppIcon;
				ASSETCATALOG_COMPILER_LAUNCHIMAGE_NAME = LaunchImage;
				GCC_PRECOMPILE_PREFIX_HEADER = YES;
				GCC_PREFIX_HEADER = "TestingTwoGitHubProject/TestingTwoGitHubProject-Prefix.pch";
				INFOPLIST_FILE = "TestingTwoGitHubProject/TestingTwoGitHubProject-Info.plist";
				PRODUCT_NAME = "$(TARGET_NAME)";
				WRAPPER_EXTENSION = app;
			};
			name = Release;
		};
		22CFD60A19B73CD600B4EC8E /* Debug */ = {
			isa = XCBuildConfiguration;
			buildSettings = {
				BUNDLE_LOADER = "$(BUILT_PRODUCTS_DIR)/TestingTwoGitHubProject.app/TestingTwoGitHubProject";
				FRAMEWORK_SEARCH_PATHS = (
					"$(SDKROOT)/Developer/Library/Frameworks",
					"$(inherited)",
					"$(DEVELOPER_FRAMEWORKS_DIR)",
				);
				GCC_PRECOMPILE_PREFIX_HEADER = YES;
				GCC_PREFIX_HEADER = "TestingTwoGitHubProject/TestingTwoGitHubProject-Prefix.pch";
				GCC_PREPROCESSOR_DEFINITIONS = (
					"DEBUG=1",
					"$(inherited)",
				);
				INFOPLIST_FILE = "TestingTwoGitHubProjectTests/TestingTwoGitHubProjectTests-Info.plist";
				PRODUCT_NAME = "$(TARGET_NAME)";
				TEST_HOST = "$(BUNDLE_LOADER)";
				WRAPPER_EXTENSION = xctest;
			};
			name = Debug;
		};
		22CFD60B19B73CD600B4EC8E /* Release */ = {
			isa = XCBuildConfiguration;
			buildSettings = {
				BUNDLE_LOADER = "$(BUILT_PRODUCTS_DIR)/TestingTwoGitHubProject.app/TestingTwoGitHubProject";
				FRAMEWORK_SEARCH_PATHS = (
					"$(SDKROOT)/Developer/Library/Frameworks",
					"$(inherited)",
					"$(DEVELOPER_FRAMEWORKS_DIR)",
				);
				GCC_PRECOMPILE_PREFIX_HEADER = YES;
				GCC_PREFIX_HEADER = "TestingTwoGitHubProject/TestingTwoGitHubProject-Prefix.pch";
				INFOPLIST_FILE = "TestingTwoGitHubProjectTests/TestingTwoGitHubProjectTests-Info.plist";
				PRODUCT_NAME = "$(TARGET_NAME)";
				TEST_HOST = "$(BUNDLE_LOADER)";
				WRAPPER_EXTENSION = xctest;
			};
			name = Release;
		};
/* End XCBuildConfiguration section */

/* Begin XCConfigurationList section */
		22CFD5CF19B73CD500B4EC8E /* Build configuration list for PBXProject "TestingTwoGitHubProject" */ = {
			isa = XCConfigurationList;
			buildConfigurations = (
				22CFD60419B73CD600B4EC8E /* Debug */,
				22CFD60519B73CD600B4EC8E /* Release */,
			);
			defaultConfigurationIsVisible = 0;
			defaultConfigurationName = Release;
		};
		22CFD60619B73CD600B4EC8E /* Build configuration list for PBXNativeTarget "TestingTwoGitHubProject" */ = {
			isa = XCConfigurationList;
			buildConfigurations = (
				22CFD60719B73CD600B4EC8E /* Debug */,
				22CFD60819B73CD600B4EC8E /* Release */,
			);
			defaultConfigurationIsVisible = 0;
		};
		22CFD60919B73CD600B4EC8E /* Build configuration list for PBXNativeTarget "TestingTwoGitHubProjectTests" */ = {
			isa = XCConfigurationList;
			buildConfigurations = (
				22CFD60A19B73CD600B4EC8E /* Debug */,
				22CFD60B19B73CD600B4EC8E /* Release */,
			);
			defaultConfigurationIsVisible = 0;
		};
/* End XCConfigurationList section */
	};
	rootObject = 22CFD5CC19B73CD500B4EC8E /* Project object */;
}
